
Microsoft Visual Studio Solution File, Format Version 12.00
Project("{FAE04EC0-301F-11D3-BF4B-00C04F79EFBC}") = "CBMmacOS", "CBMmacOS\CBMmacOS.csproj", "{04DB3D4C-C061-4E19-8166-3DEFF6072217}"
EndProject
Project("{2150E333-8FDC-42A3-9474-1A3956D46DE8}") = "Libs", "Libs", "{11EEEFDC-086B-4122-B43A-B358BA8EEE01}"
EndProject
Project("{FAE04EC0-301F-11D3-BF4B-00C04F79EFBC}") = "CBMCore", "..\Libs\Core\CBMCore.csproj", "{BDCF629C-8649-4B2D-8667-061C0BFEBE56}"
EndProject
Global
	GlobalSection(SolutionConfigurationPlatforms) = preSolution
		Debug|x86 = Debug|x86
		Release|x86 = Release|x86
	EndGlobalSection
	GlobalSection(ProjectConfigurationPlatforms) = postSolution
		{04DB3D4C-C061-4E19-8166-3DEFF6072217}.Debug|x86.ActiveCfg = Debug|x86
		{04DB3D4C-C061-4E19-8166-3DEFF6072217}.Debug|x86.Build.0 = Debug|x86
		{04DB3D4C-C061-4E19-8166-3DEFF6072217}.Debug|x86.Deploy.0 = Debug|x86
		{04DB3D4C-C061-4E19-8166-3DEFF6072217}.Release|x86.ActiveCfg = Release|x86
		{04DB3D4C-C061-4E19-8166-3DEFF6072217}.Release|x86.Build.0 = Release|x86
		{04DB3D4C-C061-4E19-8166-3DEFF6072217}.Release|x86.Deploy.0 = Release|x86
		{BDCF629C-8649-4B2D-8667-061C0BFEBE56}.Debug|x86.ActiveCfg = Debug|Any CPU
		{BDCF629C-8649-4B2D-8667-061C0BFEBE56}.Debug|x86.Build.0 = Debug|Any CPU
		{BDCF629C-8649-4B2D-8667-061C0BFEBE56}.Release|x86.ActiveCfg = Release|Any CPU
		{BDCF629C-8649-4B2D-8667-061C0BFEBE56}.Release|x86.Build.0 = Release|Any CPU
	EndGlobalSection
	GlobalSection(NestedProjects) = preSolution
		{BDCF629C-8649-4B2D-8667-061C0BFEBE56} = {11EEEFDC-086B-4122-B43A-B358BA8EEE01}
	EndGlobalSection
EndGlobal
